<Solution>
  <Folder Name="/src/">
    <Project Path="src/Genie.App/Genie.App.csproj" />
    <Project Path="src/Genie.Core/Genie.Core.csproj" />
    <Project Path="src/Genie.Plugins.Abstractions/Genie.Plugins.Abstractions.csproj" />
  </Folder>
  <Folder Name="/tests/">
    <Project Path="tests/Genie.App.HeadlessTests/Genie.App.HeadlessTests.csproj" />
    <Project Path="tests/Genie.App.Tests/Genie.App.Tests.csproj" />
    <Project Path="tests/Genie.Core.Tests/Genie.Core.Tests.csproj" />
  </Folder>
</Solution>
